
Microsoft Visual Studio Solution File, Format Version 12.00
# Visual Studio Version 17
VisualStudioVersion = 17.2.32210.308
MinimumVisualStudioVersion = 10.0.40219.1
Project("{2150E333-8FDC-42A3-9474-1A3956D46DE8}") = "src", "src", "{920CDA58-DBA6-4B7D-ADE9-6C96369F53FF}"
EndProject
Project("{2150E333-8FDC-42A3-9474-1A3956D46DE8}") = "tests", "tests", "{0B79C25B-9CBC-4202-9E2D-585D5126E5ED}"
EndProject
Project("{9A19103F-16F7-4668-BE54-9A1E7A4F7556}") = "Infrastructure.UnitTests", "Infrastructure.UnitTests\Infrastructure.UnitTests.csproj", "{1EF89D7A-3028-4AE3-BB79-BDFF50FA793D}"
EndProject
Project("{9A19103F-16F7-4668-BE54-9A1E7A4F7556}") = "Application", "Application\Application.csproj", "{DDAA2836-F426-4D22-A633-6DCAC0BCFBEE}"
EndProject
Project("{9A19103F-16F7-4668-BE54-9A1E7A4F7556}") = "Domain", "Domain\Domain.csproj", "{027F7796-74AE-461F-8661-0F1CFCA522DB}"
EndProject
Project("{9A19103F-16F7-4668-BE54-9A1E7A4F7556}") = "Infrastructure", "Infrastructure\Infrastructure.csproj", "{07461570-0E54-40D8-9E08-6FD514439D75}"
EndProject
Project("{9A19103F-16F7-4668-BE54-9A1E7A4F7556}") = "WebApi", "WebApi\WebApi.csproj", "{C54C02E0-1AFC-44FC-A6C8-F91DE3F8C1E3}"
EndProject
Global
	GlobalSection(SolutionConfigurationPlatforms) = preSolution
		Debug|Any CPU = Debug|Any CPU
		Release|Any CPU = Release|Any CPU
	EndGlobalSection
	GlobalSection(ProjectConfigurationPlatforms) = postSolution
		{1EF89D7A-3028-4AE3-BB79-BDFF50FA793D}.Debug|Any CPU.ActiveCfg = Debug|Any CPU
		{1EF89D7A-3028-4AE3-BB79-BDFF50FA793D}.Debug|Any CPU.Build.0 = Debug|Any CPU
		{1EF89D7A-3028-4AE3-BB79-BDFF50FA793D}.Release|Any CPU.ActiveCfg = Release|Any CPU
		{1EF89D7A-3028-4AE3-BB79-BDFF50FA793D}.Release|Any CPU.Build.0 = Release|Any CPU
		{DDAA2836-F426-4D22-A633-6DCAC0BCFBEE}.Debug|Any CPU.ActiveCfg = Debug|Any CPU
		{DDAA2836-F426-4D22-A633-6DCAC0BCFBEE}.Debug|Any CPU.Build.0 = Debug|Any CPU
		{DDAA2836-F426-4D22-A633-6DCAC0BCFBEE}.Release|Any CPU.ActiveCfg = Release|Any CPU
		{DDAA2836-F426-4D22-A633-6DCAC0BCFBEE}.Release|Any CPU.Build.0 = Release|Any CPU
		{027F7796-74AE-461F-8661-0F1CFCA522DB}.Debug|Any CPU.ActiveCfg = Debug|Any CPU
		{027F7796-74AE-461F-8661-0F1CFCA522DB}.Debug|Any CPU.Build.0 = Debug|Any CPU
		{027F7796-74AE-461F-8661-0F1CFCA522DB}.Release|Any CPU.ActiveCfg = Release|Any CPU
		{027F7796-74AE-461F-8661-0F1CFCA522DB}.Release|Any CPU.Build.0 = Release|Any CPU
		{07461570-0E54-40D8-9E08-6FD514439D75}.Debug|Any CPU.ActiveCfg = Debug|Any CPU
		{07461570-0E54-40D8-9E08-6FD514439D75}.Debug|Any CPU.Build.0 = Debug|Any CPU
		{07461570-0E54-40D8-9E08-6FD514439D75}.Release|Any CPU.ActiveCfg = Release|Any CPU
		{07461570-0E54-40D8-9E08-6FD514439D75}.Release|Any CPU.Build.0 = Release|Any CPU
		{C54C02E0-1AFC-44FC-A6C8-F91DE3F8C1E3}.Debug|Any CPU.ActiveCfg = Debug|Any CPU
		{C54C02E0-1AFC-44FC-A6C8-F91DE3F8C1E3}.Debug|Any CPU.Build.0 = Debug|Any CPU
		{C54C02E0-1AFC-44FC-A6C8-F91DE3F8C1E3}.Release|Any CPU.ActiveCfg = Release|Any CPU
		{C54C02E0-1AFC-44FC-A6C8-F91DE3F8C1E3}.Release|Any CPU.Build.0 = Release|Any CPU
	EndGlobalSection
	GlobalSection(SolutionProperties) = preSolution
		HideSolutionNode = FALSE
	EndGlobalSection
	GlobalSection(NestedProjects) = preSolution
		{1EF89D7A-3028-4AE3-BB79-BDFF50FA793D} = {0B79C25B-9CBC-4202-9E2D-585D5126E5ED}
		{DDAA2836-F426-4D22-A633-6DCAC0BCFBEE} = {920CDA58-DBA6-4B7D-ADE9-6C96369F53FF}
		{027F7796-74AE-461F-8661-0F1CFCA522DB} = {920CDA58-DBA6-4B7D-ADE9-6C96369F53FF}
		{07461570-0E54-40D8-9E08-6FD514439D75} = {920CDA58-DBA6-4B7D-ADE9-6C96369F53FF}
		{C54C02E0-1AFC-44FC-A6C8-F91DE3F8C1E3} = {920CDA58-DBA6-4B7D-ADE9-6C96369F53FF}
	EndGlobalSection
	GlobalSection(ExtensibilityGlobals) = postSolution
		SolutionGuid = {40FB00BF-55F7-49AF-93A3-1CEECDDBEBF2}
	EndGlobalSection
EndGlobal
